
Microsoft Visual Studio Solution File, Format Version 12.00
# Visual Studio Version 16
VisualStudioVersion = 16.0.30517.126
MinimumVisualStudioVersion = 10.0.40219.1
Project("{FAE04EC0-301F-11D3-BF4B-00C04F79EFBC}") = "ConsoleApp1", "ConsoleApp1\ConsoleApp1.csproj", "{7BC7ECEE-6B06-4AE6-923B-F8476C79C5EB}"
EndProject
Global
	GlobalSection(SolutionConfigurationPlatforms) = preSolution
		Debug|Any CPU = Debug|Any CPU
		Release|Any CPU = Release|Any CPU
	EndGlobalSection
	GlobalSection(ProjectConfigurationPlatforms) = postSolution
		{7BC7ECEE-6B06-4AE6-923B-F8476C79C5EB}.Debug|Any CPU.ActiveCfg = Debug|Any CPU
		{7BC7ECEE-6B06-4AE6-923B-F8476C79C5EB}.Debug|Any CPU.Build.0 = Debug|Any CPU
		{7BC7ECEE-6B06-4AE6-923B-F8476C79C5EB}.Release|Any CPU.ActiveCfg = Release|Any CPU
		{7BC7ECEE-6B06-4AE6-923B-F8476C79C5EB}.Release|Any CPU.Build.0 = Release|Any CPU
	EndGlobalSection
	GlobalSection(SolutionProperties) = preSolution
		HideSolutionNode = FALSE
	EndGlobalSection
	GlobalSection(ExtensibilityGlobals) = postSolution
		SolutionGuid = {B13B27AB-A911-45B0-9E14-C33BA2212B0C}
	EndGlobalSection
EndGlobal
